
Microsoft Visual Studio Solution File, Format Version 12.00
# Visual Studio Version 17
VisualStudioVersion = 17.0.31903.59
MinimumVisualStudioVersion = 10.0.40219.1
Project("{FAE04EC0-301F-11D3-BF4B-00C04F79EFBC}") = "DemoApi", "DemoApi\DemoApi.csproj", "{D2E7CC7E-FB2B-4E0B-8432-DC3CCE4F8BFC}"
EndProject
Project("{FAE04EC0-301F-11D3-BF4B-00C04F79EFBC}") = "DemoApi.Tests", "DemoApi.Tests\DemoApi.Tests.csproj", "{8DF0005B-9E8F-4C48-B1C3-FF607BA49EC9}"
EndProject
Global
	GlobalSection(SolutionConfigurationPlatforms) = preSolution
		Debug|Any CPU = Debug|Any CPU
		Debug|x64 = Debug|x64
		Debug|x86 = Debug|x86
		Release|Any CPU = Release|Any CPU
		Release|x64 = Release|x64
		Release|x86 = Release|x86
	EndGlobalSection
	GlobalSection(ProjectConfigurationPlatforms) = postSolution
		{D2E7CC7E-FB2B-4E0B-8432-DC3CCE4F8BFC}.Debug|Any CPU.ActiveCfg = Debug|Any CPU
		{D2E7CC7E-FB2B-4E0B-8432-DC3CCE4F8BFC}.Debug|Any CPU.Build.0 = Debug|Any CPU
		{D2E7CC7E-FB2B-4E0B-8432-DC3CCE4F8BFC}.Debug|x64.ActiveCfg = Debug|Any CPU
		{D2E7CC7E-FB2B-4E0B-8432-DC3CCE4F8BFC}.Debug|x64.Build.0 = Debug|Any CPU
		{D2E7CC7E-FB2B-4E0B-8432-DC3CCE4F8BFC}.Debug|x86.ActiveCfg = Debug|Any CPU
		{D2E7CC7E-FB2B-4E0B-8432-DC3CCE4F8BFC}.Debug|x86.Build.0 = Debug|Any CPU
		{D2E7CC7E-FB2B-4E0B-8432-DC3CCE4F8BFC}.Release|Any CPU.ActiveCfg = Release|Any CPU
		{D2E7CC7E-FB2B-4E0B-8432-DC3CCE4F8BFC}.Release|Any CPU.Build.0 = Release|Any CPU
		{D2E7CC7E-FB2B-4E0B-8432-DC3CCE4F8BFC}.Release|x64.ActiveCfg = Release|Any CPU
		{D2E7CC7E-FB2B-4E0B-8432-DC3CCE4F8BFC}.Release|x64.Build.0 = Release|Any CPU
		{D2E7CC7E-FB2B-4E0B-8432-DC3CCE4F8BFC}.Release|x86.ActiveCfg = Release|Any CPU
		{D2E7CC7E-FB2B-4E0B-8432-DC3CCE4F8BFC}.Release|x86.Build.0 = Release|Any CPU
		{8DF0005B-9E8F-4C48-B1C3-FF607BA49EC9}.Debug|Any CPU.ActiveCfg = Debug|Any CPU
		{8DF0005B-9E8F-4C48-B1C3-FF607BA49EC9}.Debug|Any CPU.Build.0 = Debug|Any CPU
		{8DF0005B-9E8F-4C48-B1C3-FF607BA49EC9}.Debug|x64.ActiveCfg = Debug|Any CPU
		{8DF0005B-9E8F-4C48-B1C3-FF607BA49EC9}.Debug|x64.Build.0 = Debug|Any CPU
		{8DF0005B-9E8F-4C48-B1C3-FF607BA49EC9}.Debug|x86.ActiveCfg = Debug|Any CPU
		{8DF0005B-9E8F-4C48-B1C3-FF607BA49EC9}.Debug|x86.Build.0 = Debug|Any CPU
		{8DF0005B-9E8F-4C48-B1C3-FF607BA49EC9}.Release|Any CPU.ActiveCfg = Release|Any CPU
		{8DF0005B-9E8F-4C48-B1C3-FF607BA49EC9}.Release|Any CPU.Build.0 = Release|Any CPU
		{8DF0005B-9E8F-4C48-B1C3-FF607BA49EC9}.Release|x64.ActiveCfg = Release|Any CPU
		{8DF0005B-9E8F-4C48-B1C3-FF607BA49EC9}.Release|x64.Build.0 = Release|Any CPU
		{8DF0005B-9E8F-4C48-B1C3-FF607BA49EC9}.Release|x86.ActiveCfg = Release|Any CPU
		{8DF0005B-9E8F-4C48-B1C3-FF607BA49EC9}.Release|x86.Build.0 = Release|Any CPU
	EndGlobalSection
	GlobalSection(SolutionProperties) = preSolution
		HideSolutionNode = FALSE
	EndGlobalSection
EndGlobal
